// !$*UTF8*$!
{
	archiveVersion = 1;
	classes = {
	};
	objectVersion = 46;
	objects = {

/* Begin PBXBuildFile section */
		CB90CED51D99636F005D3762 /* AppDelegate.swift in Sources */ = {isa = PBXBuildFile; fileRef = CB90CED41D99636F005D3762 /* AppDelegate.swift */; };
		CB90CED71D99636F005D3762 /* ViewController.swift in Sources */ = {isa = PBXBuildFile; fileRef = CB90CED61D99636F005D3762 /* ViewController.swift */; };
		CB90CEDA1D99636F005D3762 /* Main.storyboard in Resources */ = {isa = PBXBuildFile; fileRef = CB90CED81D99636F005D3762 /* Main.storyboard */; };
		CB90CEDC1D99636F005D3762 /* Assets.xcassets in Resources */ = {isa = PBXBuildFile; fileRef = CB90CEDB1D99636F005D3762 /* Assets.xcassets */; };
		CB90CEDF1D99636F005D3762 /* LaunchScreen.storyboard in Resources */ = {isa = PBXBuildFile; fileRef = CB90CEDD1D99636F005D3762 /* LaunchScreen.storyboard */; };
/* End PBXBuildFile section */

/* Begin PBXFileReference section */
		CB90CED11D99636F005D3762 /* TrySimpleGestures.app */ = {isa = PBXFileReference; explicitFileType = wrapper.application; includeInIndex = 0; path = TrySimpleGestures.app; sourceTree = BUILT_PRODUCTS_DIR; };
		CB90CED41D99636F005D3762 /* AppDelegate.swift */ = {isa = PBXFileReference; lastKnownFileType = sourcecode.swift; path = AppDelegate.swift; sourceTree = "<group>"; };
		CB90CED61D99636F005D3762 /* ViewController.swift */ = {isa = PBXFileReference; lastKnownFileType = sourcecode.swift; path = ViewController.swift; sourceTree = "<group>"; };
		CB90CED91D99636F005D3762 /* Base */ = {isa = PBXFileReference; lastKnownFileType = file.storyboard; name = Base; path = Base.lproj/Main.storyboard; sourceTree = "<group>"; };
		CB90CEDB1D99636F005D3762 /* Assets.xcassets */ = {isa = PBXFileReference; lastKnownFileType = folder.assetcatalog; path = Assets.xcassets; sourceTree = "<group>"; };
		CB90CEDE1D99636F005D3762 /* Base */ = {isa = PBXFileReference; lastKnownFileType = file.storyboard; name = Base; path = Base.lproj/LaunchScreen.storyboard; sourceTree = "<group>"; };
		CB90CEE01D99636F005D3762 /* Info.plist */ = {isa = PBXFileReference; lastKnownFileType = text.plist.xml; path = Info.plist; sourceTree = "<group>"; };
/* End PBXFileReference section */

/* Begin PBXFrameworksBuildPhase section */
		CB90CECE1D99636F005D3762 /* Frameworks */ = {
			isa = PBXFrameworksBuildPhase;
			buildActionMask = 2147483647;
			files = (
			);
			runOnlyForDeploymentPostprocessing = 0;
		};
/* End PBXFrameworksBuildPhase section */

/* Begin PBXGroup section */
		CB90CEC81D99636F005D3762 = {
			isa = PBXGroup;
			children = (
				CB90CED31D99636F005D3762 /* TrySimpleGestures */,
				CB90CED21D99636F005D3762 /* Products */,
			);
			sourceTree = "<group>";
		};
		CB90CED21D99636F005D3762 /* Products */ = {
			isa = PBXGroup;
			children = (
				CB90CED11D99636F005D3762 /* TrySimpleGestures.app */,
			);
			name = Products;
			sourceTree = "<group>";
		};
		CB90CED31D99636F005D3762 /* TrySimpleGestures */ = {
			isa = PBXGroup;
			children = (
				CB90CED41D99636F005D3762 /* AppDelegate.swift */,
				CB90CED61D99636F005D3762 /* ViewController.swift */,
				CB90CED81D99636F005D3762 /* Main.storyboard */,
				CB90CEDB1D99636F005D3762 /* Assets.xcassets */,
				CB90CEDD1D99636F005D3762 /* LaunchScreen.storyboard */,
				CB90CEE01D99636F005D3762 /* Info.plist */,
			);
			path = TrySimpleGestures;
			sourceTree = "<group>";
		};
/* End PBXGroup section */

/* Begin PBXNativeTarget section */
		CB90CED01D99636F005D3762 /* TrySimpleGestures */ = {
			isa = PBXNativeTarget;
			buildConfigurationList = CB90CEE31D99636F005D3762 /* Build configuration list for PBXNativeTarget "TrySimpleGestures" */;
			buildPhases = (
				CB90CECD1D99636F005D3762 /* Sources */,
				CB90CECE1D99636F005D3762 /* Frameworks */,
				CB90CECF1D99636F005D3762 /* Resources */,
			);
			buildRules = (
			);
			dependencies = (
			);
			name = TrySimpleGestures;
			productName = TrySimpleGestures;
			productReference = CB90CED11D99636F005D3762 /* TrySimpleGestures.app */;
			productType = "com.apple.product-type.application";
		};
/* End PBXNativeTarget section */

/* Begin PBXProject section */
		CB90CEC91D99636F005D3762 /* Project object */ = {
			isa = PBXProject;
			attributes = {
				LastSwiftUpdateCheck = 0800;
				LastUpgradeCheck = 0800;
				ORGANIZATIONNAME = YourtionGuo;
				TargetAttributes = {
					CB90CED01D99636F005D3762 = {
						CreatedOnToolsVersion = 8.0;
						ProvisioningStyle = Automatic;
					};
				};
			};
			buildConfigurationList = CB90CECC1D99636F005D3762 /* Build configuration list for PBXProject "TrySimpleGestures" */;
			compatibilityVersion = "Xcode 3.2";
			developmentRegion = English;
			hasScannedForEncodings = 0;
			knownRegions = (
				en,
				Base,
			);
			mainGroup = CB90CEC81D99636F005D3762;
			productRefGroup = CB90CED21D99636F005D3762 /* Products */;
			projectDirPath = "";
			projectRoot = "";
			targets = (
				CB90CED01D99636F005D3762 /* TrySimpleGestures */,
			);
		};
/* End PBXProject section */

/* Begin PBXResourcesBuildPhase section */
		CB90CECF1D99636F005D3762 /* Resources */ = {
			isa = PBXResourcesBuildPhase;
			buildActionMask = 2147483647;
			files = (
				CB90CEDF1D99636F005D3762 /* LaunchScreen.storyboard in Resources */,
				CB90CEDC1D99636F005D3762 /* Assets.xcassets in Resources */,
				CB90CEDA1D99636F005D3762 /* Main.storyboard in Resources */,
			);
			runOnlyForDeploymentPostprocessing = 0;
		};
/* End PBXResourcesBuildPhase section */

/* Begin PBXSourcesBuildPhase section */
		CB90CECD1D99636F005D3762 /* Sources */ = {
			isa = PBXSourcesBuildPhase;
			buildActionMask = 2147483647;
			files = (
				CB90CED71D99636F005D3762 /* ViewController.swift in Sources */,
				CB90CED51D99636F005D3762 /* AppDelegate.swift in Sources */,
			);
			runOnlyForDeploymentPostprocessing = 0;
		};
/* End PBXSourcesBuildPhase section */

/* Begin PBXVariantGroup section */
		CB90CED81D99636F005D3762 /* Main.storyboard */ = {
			isa = PBXVariantGroup;
			children = (
				CB90CED91D99636F005D3762 /* Base */,
			);
			name = Main.storyboard;
			sourceTree = "<group>";
		};
		CB90CEDD1D99636F005D3762 /* LaunchScreen.storyboard */ = {
			isa = PBXVariantGroup;
			children = (
				CB90CEDE1D99636F005D3762 /* Base */,
			);
			name = LaunchScreen.storyboard;
			sourceTree = "<group>";
		};
/* End PBXVariantGroup section */

/* Begin XCBuildConfiguration section */
		CB90CEE11D99636F005D3762 /* Debug */ = {
			isa = XCBuildConfiguration;
			buildSettings = {
				ALWAYS_SEARCH_USER_PATHS = NO;
				CLANG_ANALYZER_NONNULL = YES;
				CLANG_CXX_LANGUAGE_STANDARD = "gnu++0x";
				CLANG_CXX_LIBRARY = "libc++";
				CLANG_ENABLE_MODULES = YES;
				CLANG_ENABLE_OBJC_ARC = YES;
				CLANG_WARN_BOOL_CONVERSION = YES;
				CLANG_WARN_CONSTANT_CONVERSION = YES;
				CLANG_WARN_DIRECT_OBJC_ISA_USAGE = YES_ERROR;
				CLANG_WARN_DOCUMENTATION_COMMENTS = YES;
				CLANG_WARN_EMPTY_BODY = YES;
				CLANG_WARN_ENUM_CONVERSION = YES;
				CLANG_WARN_INFINITE_RECURSION = YES;
				CLANG_WARN_INT_CONVERSION = YES;
				CLANG_WARN_OBJC_ROOT_CLASS = YES_ERROR;
				CLANG_WARN_SUSPICIOUS_MOVES = YES;
				CLANG_WARN_UNREACHABLE_CODE = YES;
				CLANG_WARN__DUPLICATE_METHOD_MATCH = YES;
				"CODE_SIGN_IDENTITY[sdk=iphoneos*]" = "iPhone Developer";
				COPY_PHASE_STRIP = NO;
				DEBUG_INFORMATION_FORMAT = dwarf;
				ENABLE_STRICT_OBJC_MSGSEND = YES;
				ENABLE_TESTABILITY = YES;
				GCC_C_LANGUAGE_STANDARD = gnu99;
				GCC_DYNAMIC_NO_PIC = NO;
				GCC_NO_COMMON_BLOCKS = YES;
				GCC_OPTIMIZATION_LEVEL = 0;
				GCC_PREPROCESSOR_DEFINITIONS = (
					"DEBUG=1",
					"$(inherited)",
				);
				GCC_WARN_64_TO_32_BIT_CONVERSION = YES;
				GCC_WARN_ABOUT_RETURN_TYPE = YES_ERROR;
				GCC_WARN_UNDECLARED_SELECTOR = YES;
				GCC_WARN_UNINITIALIZED_AUTOS = YES_AGGRESSIVE;
				GCC_WARN_UNUSED_FUNCTION = YES;
				GCC_WARN_UNUSED_VARIABLE = YES;
				IPHONEOS_DEPLOYMENT_TARGET = 10.0;
				MTL_ENABLE_DEBUG_INFO = YES;
				ONLY_ACTIVE_ARCH = YES;
				SDKROOT = iphoneos;
				SWIFT_ACTIVE_COMPILATION_CONDITIONS = DEBUG;
				SWIFT_OPTIMIZATION_LEVEL = "-Onone";
				TARGETED_DEVICE_FAMILY = "1,2";
			};
			name = Debug;
		};
		CB90CEE21D99636F005D3762 /* Release */ = {
			isa = XCBuildConfiguration;
			buildSettings = {
				ALWAYS_SEARCH_USER_PATHS = NO;
				CLANG_ANALYZER_NONNULL = YES;
				CLANG_CXX_LANGUAGE_STANDARD = "gnu++0x";
				CLANG_CXX_LIBRARY = "libc++";
				CLANG_ENABLE_MODULES = YES;
				CLANG_ENABLE_OBJC_ARC = YES;
				CLANG_WARN_BOOL_CONVERSION = YES;
				CLANG_WARN_CONSTANT_CONVERSION = YES;
				CLANG_WARN_DIRECT_OBJC_ISA_USAGE = YES_ERROR;
				CLANG_WARN_DOCUMENTATION_COMMENTS = YES;
				CLANG_WARN_EMPTY_BODY = YES;
				CLANG_WARN_ENUM_CONVERSION = YES;
				CLANG_WARN_INFINITE_RECURSION = YES;
				CLANG_WARN_INT_CONVERSION = YES;
				CLANG_WARN_OBJC_ROOT_CLASS = YES_ERROR;
				CLANG_WARN_SUSPICIOUS_MOVES = YES;
				CLANG_WARN_UNREACHABLE_CODE = YES;
				CLANG_WARN__DUPLICATE_METHOD_MATCH = YES;
				"CODE_SIGN_IDENTITY[sdk=iphoneos*]" = "iPhone Developer";
				COPY_PHASE_STRIP = NO;
				DEBUG_INFORMATION_FORMAT = "dwarf-with-dsym";
				ENABLE_NS_ASSERTIONS = NO;
				ENABLE_STRICT_OBJC_MSGSEND = YES;
				GCC_C_LANGUAGE_STANDARD = gnu99;
				GCC_NO_COMMON_BLOCKS = YES;
				GCC_WARN_64_TO_32_BIT_CONVERSION = YES;
				GCC_WARN_ABOUT_RETURN_TYPE = YES_ERROR;
				GCC_WARN_UNDECLARED_SELECTOR = YES;
				GCC_WARN_UNINITIALIZED_AUTOS = YES_AGGRESSIVE;
				GCC_WARN_UNUSED_FUNCTION = YES;
				GCC_WARN_UNUSED_VARIABLE = YES;
				IPHONEOS_DEPLOYMENT_TARGET = 10.0;
				MTL_ENABLE_DEBUG_INFO = NO;
				SDKROOT = iphoneos;
				SWIFT_OPTIMIZATION_LEVEL = "-Owholemodule";
				TARGETED_DEVICE_FAMILY = "1,2";
				VALIDATE_PRODUCT = YES;
			};
			name = Release;
		};
		CB90CEE41D99636F005D3762 /* Debug */ = {
			isa = XCBuildConfiguration;
			buildSettings = {
				ASSETCATALOG_COMPILER_APPICON_NAME = AppIcon;
				INFOPLIST_FILE = TrySimpleGestures/Info.plist;
				LD_RUNPATH_SEARCH_PATHS = "$(inherited) @executable_path/Frameworks";
				PRODUCT_BUNDLE_IDENTIFIER = com.yourtion.TrySimpleGestures;
				PRODUCT_NAME = "$(TARGET_NAME)";
				SWIFT_VERSION = 3.0;
			};
			name = Debug;
		};
		CB90CEE51D99636F005D3762 /* Release */ = {
			isa = XCBuildConfiguration;
			buildSettings = {
				ASSETCATALOG_COMPILER_APPICON_NAME = AppIcon;
				INFOPLIST_FILE = TrySimpleGestures/Info.plist;
				LD_RUNPATH_SEARCH_PATHS = "$(inherited) @executable_path/Frameworks";
				PRODUCT_BUNDLE_IDENTIFIER = com.yourtion.TrySimpleGestures;
				PRODUCT_NAME = "$(TARGET_NAME)";
				SWIFT_VERSION = 3.0;
			};
			name = Release;
		};
/* End XCBuildConfiguration section */

/* Begin XCConfigurationList section */
		CB90CECC1D99636F005D3762 /* Build configuration list for PBXProject "TrySimpleGestures" */ = {
			isa = XCConfigurationList;
			buildConfigurations = (
				CB90CEE11D99636F005D3762 /* Debug */,
				CB90CEE21D99636F005D3762 /* Release */,
			);
			defaultConfigurationIsVisible = 0;
			defaultConfigurationName = Release;
		};
		CB90CEE31D99636F005D3762 /* Build configuration list for PBXNativeTarget "TrySimpleGestures" */ = {
			isa = XCConfigurationList;
			buildConfigurations = (
				CB90CEE41D99636F005D3762 /* Debug */,
				CB90CEE51D99636F005D3762 /* Release */,
			);
			defaultConfigurationIsVisible = 0;
		};
/* End XCConfigurationList section */
	};
	rootObject = CB90CEC91D99636F005D3762 /* Project object */;
}
